
Microsoft Visual Studio Solution File, Format Version 12.00
# Visual Studio 15
VisualStudioVersion = 15.0.27703.2035
MinimumVisualStudioVersion = 10.0.40219.1
Project("{FAE04EC0-301F-11D3-BF4B-00C04F79EFBC}") = "SetPrpxy", "SetPrpxy.csproj", "{7F78476E-6342-400B-8086-9790F6DE48AE}"
EndProject
Global
	GlobalSection(SolutionConfigurationPlatforms) = preSolution
		Debug|Any CPU = Debug|Any CPU
		Release|Any CPU = Release|Any CPU
	EndGlobalSection
	GlobalSection(ProjectConfigurationPlatforms) = postSolution
		{7F78476E-6342-400B-8086-9790F6DE48AE}.Debug|Any CPU.ActiveCfg = Debug|Any CPU
		{7F78476E-6342-400B-8086-9790F6DE48AE}.Debug|Any CPU.Build.0 = Debug|Any CPU
		{7F78476E-6342-400B-8086-9790F6DE48AE}.Release|Any CPU.ActiveCfg = Release|Any CPU
		{7F78476E-6342-400B-8086-9790F6DE48AE}.Release|Any CPU.Build.0 = Release|Any CPU
	EndGlobalSection
	GlobalSection(SolutionProperties) = preSolution
		HideSolutionNode = FALSE
	EndGlobalSection
	GlobalSection(ExtensibilityGlobals) = postSolution
		SolutionGuid = {CDFB85EE-2AD9-4E23-B708-F8F1CAC10CDC}
	EndGlobalSection
EndGlobal
